
Microsoft Visual Studio Solution File, Format Version 12.00
# Visual Studio 14
VisualStudioVersion = 14.0.25123.0
MinimumVisualStudioVersion = 10.0.40219.1
Project("{8BC9CEB8-8B4A-11D0-8D11-00A0C91BC942}") = "ConsoleEditor", "ConsoleEditor\ConsoleEditor.vcxproj", "{1252CEE0-F9B6-4837-AC0F-EC3662A63C1C}"
EndProject
Project("{8BC9CEB8-8B4A-11D0-8D11-00A0C91BC942}") = "libeditor", "libeditor\libeditor.vcxproj", "{9843A584-A084-46DE-90FA-8D471AD69E4A}"
EndProject
Project("{8BC9CEB8-8B4A-11D0-8D11-00A0C91BC942}") = "libeditor-test", "libeditor-test\libeditor-test.vcxproj", "{95E22F0E-DB9F-4372-9F87-9724EE43ABD0}"
EndProject
Global
	GlobalSection(SolutionConfigurationPlatforms) = preSolution
		Debug|x64 = Debug|x64
		Debug|x86 = Debug|x86
		Release|x64 = Release|x64
		Release|x86 = Release|x86
	EndGlobalSection
	GlobalSection(ProjectConfigurationPlatforms) = postSolution
		{1252CEE0-F9B6-4837-AC0F-EC3662A63C1C}.Debug|x64.ActiveCfg = Debug|x64
		{1252CEE0-F9B6-4837-AC0F-EC3662A63C1C}.Debug|x64.Build.0 = Debug|x64
		{1252CEE0-F9B6-4837-AC0F-EC3662A63C1C}.Debug|x86.ActiveCfg = Debug|Win32
		{1252CEE0-F9B6-4837-AC0F-EC3662A63C1C}.Debug|x86.Build.0 = Debug|Win32
		{1252CEE0-F9B6-4837-AC0F-EC3662A63C1C}.Release|x64.ActiveCfg = Release|x64
		{1252CEE0-F9B6-4837-AC0F-EC3662A63C1C}.Release|x64.Build.0 = Release|x64
		{1252CEE0-F9B6-4837-AC0F-EC3662A63C1C}.Release|x86.ActiveCfg = Release|Win32
		{1252CEE0-F9B6-4837-AC0F-EC3662A63C1C}.Release|x86.Build.0 = Release|Win32
		{9843A584-A084-46DE-90FA-8D471AD69E4A}.Debug|x64.ActiveCfg = Debug|x64
		{9843A584-A084-46DE-90FA-8D471AD69E4A}.Debug|x64.Build.0 = Debug|x64
		{9843A584-A084-46DE-90FA-8D471AD69E4A}.Debug|x86.ActiveCfg = Debug|Win32
		{9843A584-A084-46DE-90FA-8D471AD69E4A}.Debug|x86.Build.0 = Debug|Win32
		{9843A584-A084-46DE-90FA-8D471AD69E4A}.Release|x64.ActiveCfg = Release|x64
		{9843A584-A084-46DE-90FA-8D471AD69E4A}.Release|x64.Build.0 = Release|x64
		{9843A584-A084-46DE-90FA-8D471AD69E4A}.Release|x86.ActiveCfg = Release|Win32
		{9843A584-A084-46DE-90FA-8D471AD69E4A}.Release|x86.Build.0 = Release|Win32
		{95E22F0E-DB9F-4372-9F87-9724EE43ABD0}.Debug|x64.ActiveCfg = Debug|x64
		{95E22F0E-DB9F-4372-9F87-9724EE43ABD0}.Debug|x64.Build.0 = Debug|x64
		{95E22F0E-DB9F-4372-9F87-9724EE43ABD0}.Debug|x86.ActiveCfg = Debug|Win32
		{95E22F0E-DB9F-4372-9F87-9724EE43ABD0}.Debug|x86.Build.0 = Debug|Win32
		{95E22F0E-DB9F-4372-9F87-9724EE43ABD0}.Release|x64.ActiveCfg = Release|x64
		{95E22F0E-DB9F-4372-9F87-9724EE43ABD0}.Release|x64.Build.0 = Release|x64
		{95E22F0E-DB9F-4372-9F87-9724EE43ABD0}.Release|x86.ActiveCfg = Release|Win32
		{95E22F0E-DB9F-4372-9F87-9724EE43ABD0}.Release|x86.Build.0 = Release|Win32
	EndGlobalSection
	GlobalSection(SolutionProperties) = preSolution
		HideSolutionNode = FALSE
	EndGlobalSection
EndGlobal
